
Microsoft Visual Studio Solution File, Format Version 12.00
# Visual Studio 14
VisualStudioVersion = 14.0.24720.0
MinimumVisualStudioVersion = 10.0.40219.1
Project("{FAE04EC0-301F-11D3-BF4B-00C04F79EFBC}") = "AdPortal", "AdPortal\AdPortal.csproj", "{E4FA8390-BE92-4BB2-BFD4-8A17413BB4C5}"
EndProject
Project("{FAE04EC0-301F-11D3-BF4B-00C04F79EFBC}") = "AdPortal.Tests", "AdPortal.Tests\AdPortal.Tests.csproj", "{216897BE-76F1-41B2-A9E7-2AC3F12F7BD4}"
EndProject
Global
	GlobalSection(SolutionConfigurationPlatforms) = preSolution
		Debug|Any CPU = Debug|Any CPU
		Release|Any CPU = Release|Any CPU
	EndGlobalSection
	GlobalSection(ProjectConfigurationPlatforms) = postSolution
		{E4FA8390-BE92-4BB2-BFD4-8A17413BB4C5}.Debug|Any CPU.ActiveCfg = Debug|Any CPU
		{E4FA8390-BE92-4BB2-BFD4-8A17413BB4C5}.Debug|Any CPU.Build.0 = Debug|Any CPU
		{E4FA8390-BE92-4BB2-BFD4-8A17413BB4C5}.Release|Any CPU.ActiveCfg = Release|Any CPU
		{E4FA8390-BE92-4BB2-BFD4-8A17413BB4C5}.Release|Any CPU.Build.0 = Release|Any CPU
		{216897BE-76F1-41B2-A9E7-2AC3F12F7BD4}.Debug|Any CPU.ActiveCfg = Debug|Any CPU
		{216897BE-76F1-41B2-A9E7-2AC3F12F7BD4}.Debug|Any CPU.Build.0 = Debug|Any CPU
		{216897BE-76F1-41B2-A9E7-2AC3F12F7BD4}.Release|Any CPU.ActiveCfg = Release|Any CPU
		{216897BE-76F1-41B2-A9E7-2AC3F12F7BD4}.Release|Any CPU.Build.0 = Release|Any CPU
	EndGlobalSection
	GlobalSection(SolutionProperties) = preSolution
		HideSolutionNode = FALSE
	EndGlobalSection
EndGlobal
